
Microsoft Visual Studio Solution File, Format Version 12.00
# Visual Studio Version 17
VisualStudioVersion = 17.3.32819.101
MinimumVisualStudioVersion = 10.0.40219.1
Project("{9A19103F-16F7-4668-BE54-9A1E7A4F7556}") = "BookStore", "BookStore\BookStore.csproj", "{CD590249-8619-417B-AEF1-FC9E1F804B79}"
EndProject
Project("{9A19103F-16F7-4668-BE54-9A1E7A4F7556}") = "BookStore.Models", "BookStore.Models\BookStore.Models.csproj", "{6B982972-D05C-4EB5-8A96-BE985F9364DE}"
EndProject
Project("{9A19103F-16F7-4668-BE54-9A1E7A4F7556}") = "BookStore.DL", "BookStore.DL\BookStore.DL.csproj", "{F3AB4E13-7084-414E-893E-B0E1B46795C4}"
EndProject
Project("{FAE04EC0-301F-11D3-BF4B-00C04F79EFBC}") = "BookStore.BL", "BookStore.BL\BookStore.BL.csproj", "{52CCFB56-A68E-4F9A-8B96-0D38A79E6D9B}"
EndProject
Global
	GlobalSection(SolutionConfigurationPlatforms) = preSolution
		Debug|Any CPU = Debug|Any CPU
		Release|Any CPU = Release|Any CPU
	EndGlobalSection
	GlobalSection(ProjectConfigurationPlatforms) = postSolution
		{CD590249-8619-417B-AEF1-FC9E1F804B79}.Debug|Any CPU.ActiveCfg = Debug|Any CPU
		{CD590249-8619-417B-AEF1-FC9E1F804B79}.Debug|Any CPU.Build.0 = Debug|Any CPU
		{CD590249-8619-417B-AEF1-FC9E1F804B79}.Release|Any CPU.ActiveCfg = Release|Any CPU
		{CD590249-8619-417B-AEF1-FC9E1F804B79}.Release|Any CPU.Build.0 = Release|Any CPU
		{6B982972-D05C-4EB5-8A96-BE985F9364DE}.Debug|Any CPU.ActiveCfg = Debug|Any CPU
		{6B982972-D05C-4EB5-8A96-BE985F9364DE}.Debug|Any CPU.Build.0 = Debug|Any CPU
		{6B982972-D05C-4EB5-8A96-BE985F9364DE}.Release|Any CPU.ActiveCfg = Release|Any CPU
		{6B982972-D05C-4EB5-8A96-BE985F9364DE}.Release|Any CPU.Build.0 = Release|Any CPU
		{F3AB4E13-7084-414E-893E-B0E1B46795C4}.Debug|Any CPU.ActiveCfg = Debug|Any CPU
		{F3AB4E13-7084-414E-893E-B0E1B46795C4}.Debug|Any CPU.Build.0 = Debug|Any CPU
		{F3AB4E13-7084-414E-893E-B0E1B46795C4}.Release|Any CPU.ActiveCfg = Release|Any CPU
		{F3AB4E13-7084-414E-893E-B0E1B46795C4}.Release|Any CPU.Build.0 = Release|Any CPU
		{52CCFB56-A68E-4F9A-8B96-0D38A79E6D9B}.Debug|Any CPU.ActiveCfg = Debug|Any CPU
		{52CCFB56-A68E-4F9A-8B96-0D38A79E6D9B}.Debug|Any CPU.Build.0 = Debug|Any CPU
		{52CCFB56-A68E-4F9A-8B96-0D38A79E6D9B}.Release|Any CPU.ActiveCfg = Release|Any CPU
		{52CCFB56-A68E-4F9A-8B96-0D38A79E6D9B}.Release|Any CPU.Build.0 = Release|Any CPU
	EndGlobalSection
	GlobalSection(SolutionProperties) = preSolution
		HideSolutionNode = FALSE
	EndGlobalSection
	GlobalSection(ExtensibilityGlobals) = postSolution
		SolutionGuid = {164F4F81-7B9F-458B-B828-37A99D60BCDD}
	EndGlobalSection
EndGlobal
